{
    "_meta": {
        "hash": {
            "sha256": "860ef3c227dcc77503ecc110fdc8e6c18fda1d58b3a8998659733bd0ad7b13ec"
        },
        "pipfile-spec": 6,
        "requires": {
            "python_version": "3.6"
        },
        "sources": [
            {
                "name": "pypi",
                "url": "https://pypi.python.org/simple",
                "verify_ssl": true
            }
        ]
    },
    "default": {
        "mecab-python3": {
            "hashes": [
                "sha256:1e1b8a34ac63686dcaac19d8eaa2e0c265b679379d10c60ef5c22f571c79ed00"
            ],
            "index": "pypi",
            "version": "==0.7"
        }
    },
    "develop": {
        "nose": {
            "hashes": [
                "sha256:9ff7c6cc443f8c51994b34a667bbcf45afd6d945be7477b52e97516fd17c53ac",
                "sha256:dadcddc0aefbf99eea214e0f1232b94f2fa9bd98fa8353711dacb112bfcbbb2a",
                "sha256:f1bffef9cbc82628f6e7d7b40d7e255aefaa1adb6a1b1d26c69a8b79e6208a98"
            ],
            "index": "pypi",
            "version": "==1.3.7"
        }
    }
}
