{
    "_meta": {
        "hash": {
            "sha256": "ddad4a15363e591a9ea88507b9788af88d6dc50e24477f97590112a4ee72eea5"
        },
        "pipfile-spec": 6,
        "requires": {
            "python_version": "3.6"
        },
        "sources": [
            {
                "name": "pypi",
                "url": "https://pypi.python.org/simple",
                "verify_ssl": true
            }
        ]
    },
    "default": {
        "mecab-python3": {
            "hashes": [
                "sha256:1e1b8a34ac63686dcaac19d8eaa2e0c265b679379d10c60ef5c22f571c79ed00"
            ],
            "index": "pypi",
            "version": "==0.7"
        }
    },
    "develop": {}
}
